// !$*UTF8*$!
{
	archiveVersion = 1;
	classes = {
	};
	objectVersion = 51;
	objects = {

/* Begin PBXBuildFile section */
		12174F7826C0F80700A00DED /* LoginView.swift in Sources */ = {isa = PBXBuildFile; fileRef = 12174F7726C0F80700A00DED /* LoginView.swift */; };
		12174F7A26C2238F00A00DED /* GoogleService-Info.plist in Resources */ = {isa = PBXBuildFile; fileRef = 12174F7926C2238F00A00DED /* GoogleService-Info.plist */; };
		12174F7C26C22B7400A00DED /* AlertView.swift in Sources */ = {isa = PBXBuildFile; fileRef = 12174F7B26C22B7400A00DED /* AlertView.swift */; };
		12174F7E26C25C8D00A00DED /* UserStore.swift in Sources */ = {isa = PBXBuildFile; fileRef = 12174F7D26C25C8D00A00DED /* UserStore.swift */; };
		12174F8026C4B6E800A00DED /* SignUpView.swift in Sources */ = {isa = PBXBuildFile; fileRef = 12174F7F26C4B6E800A00DED /* SignUpView.swift */; };
		12174F8226C4BA5300A00DED /* UserModel.swift in Sources */ = {isa = PBXBuildFile; fileRef = 12174F8126C4BA5300A00DED /* UserModel.swift */; };
		12174F8426C6059500A00DED /* UserInformationView.swift in Sources */ = {isa = PBXBuildFile; fileRef = 12174F8326C6059500A00DED /* UserInformationView.swift */; };
		1288CC3926CC9B380015EA2F /* CartView.swift in Sources */ = {isa = PBXBuildFile; fileRef = 1288CC3826CC9B380015EA2F /* CartView.swift */; };
		129B975C26AC4E0200F3DB20 /* BlurView.swift in Sources */ = {isa = PBXBuildFile; fileRef = 129B975B26AC4E0200F3DB20 /* BlurView.swift */; };
		129B975E26AC5F4200F3DB20 /* Slideshow.swift in Sources */ = {isa = PBXBuildFile; fileRef = 129B975D26AC5F4200F3DB20 /* Slideshow.swift */; };
		129B976A26B122B100F3DB20 /* NavBarAppearance.swift in Sources */ = {isa = PBXBuildFile; fileRef = 129B976926B122B100F3DB20 /* NavBarAppearance.swift */; };
		129B976C26B12B9300F3DB20 /* SideMenuView.swift in Sources */ = {isa = PBXBuildFile; fileRef = 129B976B26B12B9300F3DB20 /* SideMenuView.swift */; };
		129B977026B12BD000F3DB20 /* SideMenuViewModel.swift in Sources */ = {isa = PBXBuildFile; fileRef = 129B976F26B12BD000F3DB20 /* SideMenuViewModel.swift */; };
		129B977226B1445200F3DB20 /* MenuView.swift in Sources */ = {isa = PBXBuildFile; fileRef = 129B977126B1445200F3DB20 /* MenuView.swift */; };
		129B977426B144C800F3DB20 /* SideMenuShow.swift in Sources */ = {isa = PBXBuildFile; fileRef = 129B977326B144C800F3DB20 /* SideMenuShow.swift */; };
		129B977626B3919200F3DB20 /* ItemModel.swift in Sources */ = {isa = PBXBuildFile; fileRef = 129B977526B3919200F3DB20 /* ItemModel.swift */; };
		129B977826B3944C00F3DB20 /* itemView.swift in Sources */ = {isa = PBXBuildFile; fileRef = 129B977726B3944C00F3DB20 /* itemView.swift */; };
		129B977E26B3D7FC00F3DB20 /* MenuModel.swift in Sources */ = {isa = PBXBuildFile; fileRef = 129B977D26B3D7FC00F3DB20 /* MenuModel.swift */; };
		129B978026B796AC00F3DB20 /* EntryView.swift in Sources */ = {isa = PBXBuildFile; fileRef = 129B977F26B796AC00F3DB20 /* EntryView.swift */; };
		129B978226B7CB6300F3DB20 /* CardViews.swift in Sources */ = {isa = PBXBuildFile; fileRef = 129B978126B7CB6300F3DB20 /* CardViews.swift */; };
		129B978626B7D39600F3DB20 /* NotificationView.swift in Sources */ = {isa = PBXBuildFile; fileRef = 129B978526B7D39600F3DB20 /* NotificationView.swift */; };
		129B978A26B7DA6B00F3DB20 /* OrderHistoryView.swift in Sources */ = {isa = PBXBuildFile; fileRef = 129B978926B7DA6B00F3DB20 /* OrderHistoryView.swift */; };
		129B978C26B7DA7B00F3DB20 /* EventView.swift in Sources */ = {isa = PBXBuildFile; fileRef = 129B978B26B7DA7B00F3DB20 /* EventView.swift */; };
		129B978E26B8DB1500F3DB20 /* BookingHistoryView.swift in Sources */ = {isa = PBXBuildFile; fileRef = 129B978D26B8DB1500F3DB20 /* BookingHistoryView.swift */; };
		129B979026B90B5E00F3DB20 /* KnowledgeView.swift in Sources */ = {isa = PBXBuildFile; fileRef = 129B978F26B90B5E00F3DB20 /* KnowledgeView.swift */; };
		129B979426BA253400F3DB20 /* SortSettingView.swift in Sources */ = {isa = PBXBuildFile; fileRef = 129B979326BA253400F3DB20 /* SortSettingView.swift */; };
		129B979626BB7F5C00F3DB20 /* OrderView.swift in Sources */ = {isa = PBXBuildFile; fileRef = 129B979526BB7F5C00F3DB20 /* OrderView.swift */; };
		129B979826BB82FE00F3DB20 /* ItemDetail.swift in Sources */ = {isa = PBXBuildFile; fileRef = 129B979726BB82FE00F3DB20 /* ItemDetail.swift */; };
		129B979C26BB8C5C00F3DB20 /* CurveSlider.swift in Sources */ = {isa = PBXBuildFile; fileRef = 129B979B26BB8C5C00F3DB20 /* CurveSlider.swift */; };
		12B6D8E626CCE5B500A79237 /* Pods_Coffee.framework in Frameworks */ = {isa = PBXBuildFile; fileRef = EB3A1C4D6353893130C1C1CD /* Pods_Coffee.framework */; };
		12B6D8EA26CF83DD00A79237 /* ReservationView.swift in Sources */ = {isa = PBXBuildFile; fileRef = 12B6D8E926CF83DD00A79237 /* ReservationView.swift */; };
		12B6D8EC26D0A16400A79237 /* ReservationDataModel.swift in Sources */ = {isa = PBXBuildFile; fileRef = 12B6D8EB26D0A16400A79237 /* ReservationDataModel.swift */; };
		12B6D8EE26D0A25E00A79237 /* DateFunction.swift in Sources */ = {isa = PBXBuildFile; fileRef = 12B6D8ED26D0A25E00A79237 /* DateFunction.swift */; };
		12B6D8F126D26D0300A79237 /* Herculanum.ttf in Resources */ = {isa = PBXBuildFile; fileRef = 12B6D8F026D26D0300A79237 /* Herculanum.ttf */; };
		12D5FB7426A8FDCF00B275B1 /* CoffeeApp.swift in Sources */ = {isa = PBXBuildFile; fileRef = 12D5FB7326A8FDCF00B275B1 /* CoffeeApp.swift */; };
		12D5FB7826A8FDD100B275B1 /* Assets.xcassets in Resources */ = {isa = PBXBuildFile; fileRef = 12D5FB7726A8FDD100B275B1 /* Assets.xcassets */; };
		12D5FB7B26A8FDD100B275B1 /* Preview Assets.xcassets in Resources */ = {isa = PBXBuildFile; fileRef = 12D5FB7A26A8FDD100B275B1 /* Preview Assets.xcassets */; };
		12D5FB8326A8FDF900B275B1 /* HomeView.swift in Sources */ = {isa = PBXBuildFile; fileRef = 12D5FB8226A8FDF900B275B1 /* HomeView.swift */; };
		12D5FB8526A8FE3700B275B1 /* HeaderButtons.swift in Sources */ = {isa = PBXBuildFile; fileRef = 12D5FB8426A8FE3700B275B1 /* HeaderButtons.swift */; };
/* End PBXBuildFile section */

/* Begin PBXFileReference section */
		12174F7726C0F80700A00DED /* LoginView.swift */ = {isa = PBXFileReference; lastKnownFileType = sourcecode.swift; path = LoginView.swift; sourceTree = "<group>"; };
		12174F7926C2238F00A00DED /* GoogleService-Info.plist */ = {isa = PBXFileReference; fileEncoding = 4; lastKnownFileType = text.plist.xml; path = "GoogleService-Info.plist"; sourceTree = "<group>"; };
		12174F7B26C22B7400A00DED /* AlertView.swift */ = {isa = PBXFileReference; lastKnownFileType = sourcecode.swift; path = AlertView.swift; sourceTree = "<group>"; };
		12174F7D26C25C8D00A00DED /* UserStore.swift */ = {isa = PBXFileReference; lastKnownFileType = sourcecode.swift; path = UserStore.swift; sourceTree = "<group>"; };
		12174F7F26C4B6E800A00DED /* SignUpView.swift */ = {isa = PBXFileReference; lastKnownFileType = sourcecode.swift; path = SignUpView.swift; sourceTree = "<group>"; };
		12174F8126C4BA5300A00DED /* UserModel.swift */ = {isa = PBXFileReference; lastKnownFileType = sourcecode.swift; path = UserModel.swift; sourceTree = "<group>"; };
		12174F8326C6059500A00DED /* UserInformationView.swift */ = {isa = PBXFileReference; lastKnownFileType = sourcecode.swift; path = UserInformationView.swift; sourceTree = "<group>"; };
		1288CC3826CC9B380015EA2F /* CartView.swift */ = {isa = PBXFileReference; lastKnownFileType = sourcecode.swift; path = CartView.swift; sourceTree = "<group>"; };
		129B975B26AC4E0200F3DB20 /* BlurView.swift */ = {isa = PBXFileReference; lastKnownFileType = sourcecode.swift; path = BlurView.swift; sourceTree = "<group>"; };
		129B975D26AC5F4200F3DB20 /* Slideshow.swift */ = {isa = PBXFileReference; lastKnownFileType = sourcecode.swift; path = Slideshow.swift; sourceTree = "<group>"; };
		129B976926B122B100F3DB20 /* NavBarAppearance.swift */ = {isa = PBXFileReference; lastKnownFileType = sourcecode.swift; path = NavBarAppearance.swift; sourceTree = "<group>"; };
		129B976B26B12B9300F3DB20 /* SideMenuView.swift */ = {isa = PBXFileReference; lastKnownFileType = sourcecode.swift; path = SideMenuView.swift; sourceTree = "<group>"; };
		129B976F26B12BD000F3DB20 /* SideMenuViewModel.swift */ = {isa = PBXFileReference; lastKnownFileType = sourcecode.swift; path = SideMenuViewModel.swift; sourceTree = "<group>"; };
		129B977126B1445200F3DB20 /* MenuView.swift */ = {isa = PBXFileReference; lastKnownFileType = sourcecode.swift; path = MenuView.swift; sourceTree = "<group>"; };
		129B977326B144C800F3DB20 /* SideMenuShow.swift */ = {isa = PBXFileReference; lastKnownFileType = sourcecode.swift; path = SideMenuShow.swift; sourceTree = "<group>"; };
		129B977526B3919200F3DB20 /* ItemModel.swift */ = {isa = PBXFileReference; lastKnownFileType = sourcecode.swift; path = ItemModel.swift; sourceTree = "<group>"; };
		129B977726B3944C00F3DB20 /* itemView.swift */ = {isa = PBXFileReference; lastKnownFileType = sourcecode.swift; path = itemView.swift; sourceTree = "<group>"; };
		129B977D26B3D7FC00F3DB20 /* MenuModel.swift */ = {isa = PBXFileReference; lastKnownFileType = sourcecode.swift; path = MenuModel.swift; sourceTree = "<group>"; };
		129B977F26B796AC00F3DB20 /* EntryView.swift */ = {isa = PBXFileReference; lastKnownFileType = sourcecode.swift; path = EntryView.swift; sourceTree = "<group>"; };
		129B978126B7CB6300F3DB20 /* CardViews.swift */ = {isa = PBXFileReference; lastKnownFileType = sourcecode.swift; path = CardViews.swift; sourceTree = "<group>"; };
		129B978526B7D39600F3DB20 /* NotificationView.swift */ = {isa = PBXFileReference; lastKnownFileType = sourcecode.swift; path = NotificationView.swift; sourceTree = "<group>"; };
		129B978926B7DA6B00F3DB20 /* OrderHistoryView.swift */ = {isa = PBXFileReference; lastKnownFileType = sourcecode.swift; path = OrderHistoryView.swift; sourceTree = "<group>"; };
		129B978B26B7DA7B00F3DB20 /* EventView.swift */ = {isa = PBXFileReference; lastKnownFileType = sourcecode.swift; path = EventView.swift; sourceTree = "<group>"; };
		129B978D26B8DB1500F3DB20 /* BookingHistoryView.swift */ = {isa = PBXFileReference; lastKnownFileType = sourcecode.swift; path = BookingHistoryView.swift; sourceTree = "<group>"; };
		129B978F26B90B5E00F3DB20 /* KnowledgeView.swift */ = {isa = PBXFileReference; lastKnownFileType = sourcecode.swift; path = KnowledgeView.swift; sourceTree = "<group>"; };
		129B979326BA253400F3DB20 /* SortSettingView.swift */ = {isa = PBXFileReference; lastKnownFileType = sourcecode.swift; path = SortSettingView.swift; sourceTree = "<group>"; };
		129B979526BB7F5C00F3DB20 /* OrderView.swift */ = {isa = PBXFileReference; lastKnownFileType = sourcecode.swift; path = OrderView.swift; sourceTree = "<group>"; };
		129B979726BB82FE00F3DB20 /* ItemDetail.swift */ = {isa = PBXFileReference; lastKnownFileType = sourcecode.swift; path = ItemDetail.swift; sourceTree = "<group>"; };
		129B979B26BB8C5C00F3DB20 /* CurveSlider.swift */ = {isa = PBXFileReference; lastKnownFileType = sourcecode.swift; path = CurveSlider.swift; sourceTree = "<group>"; };
		12B6D8E926CF83DD00A79237 /* ReservationView.swift */ = {isa = PBXFileReference; lastKnownFileType = sourcecode.swift; path = ReservationView.swift; sourceTree = "<group>"; };
		12B6D8EB26D0A16400A79237 /* ReservationDataModel.swift */ = {isa = PBXFileReference; lastKnownFileType = sourcecode.swift; path = ReservationDataModel.swift; sourceTree = "<group>"; };
		12B6D8ED26D0A25E00A79237 /* DateFunction.swift */ = {isa = PBXFileReference; lastKnownFileType = sourcecode.swift; path = DateFunction.swift; sourceTree = "<group>"; };
		12B6D8F026D26D0300A79237 /* Herculanum.ttf */ = {isa = PBXFileReference; lastKnownFileType = file; path = Herculanum.ttf; sourceTree = "<group>"; };
		12D5FB7026A8FDCF00B275B1 /* Coffee.app */ = {isa = PBXFileReference; explicitFileType = wrapper.application; includeInIndex = 0; path = Coffee.app; sourceTree = BUILT_PRODUCTS_DIR; };
		12D5FB7326A8FDCF00B275B1 /* CoffeeApp.swift */ = {isa = PBXFileReference; lastKnownFileType = sourcecode.swift; path = CoffeeApp.swift; sourceTree = "<group>"; };
		12D5FB7726A8FDD100B275B1 /* Assets.xcassets */ = {isa = PBXFileReference; lastKnownFileType = folder.assetcatalog; path = Assets.xcassets; sourceTree = "<group>"; };
		12D5FB7A26A8FDD100B275B1 /* Preview Assets.xcassets */ = {isa = PBXFileReference; lastKnownFileType = folder.assetcatalog; path = "Preview Assets.xcassets"; sourceTree = "<group>"; };
		12D5FB7C26A8FDD100B275B1 /* Info.plist */ = {isa = PBXFileReference; lastKnownFileType = text.plist.xml; path = Info.plist; sourceTree = "<group>"; };
		12D5FB8226A8FDF900B275B1 /* HomeView.swift */ = {isa = PBXFileReference; lastKnownFileType = sourcecode.swift; path = HomeView.swift; sourceTree = "<group>"; };
		12D5FB8426A8FE3700B275B1 /* HeaderButtons.swift */ = {isa = PBXFileReference; lastKnownFileType = sourcecode.swift; path = HeaderButtons.swift; sourceTree = "<group>"; };
		E61268D3ABACE3A62D4771D6 /* Pods-Coffee.debug.xcconfig */ = {isa = PBXFileReference; includeInIndex = 1; lastKnownFileType = text.xcconfig; name = "Pods-Coffee.debug.xcconfig"; path = "Target Support Files/Pods-Coffee/Pods-Coffee.debug.xcconfig"; sourceTree = "<group>"; };
		EB3A1C4D6353893130C1C1CD /* Pods_Coffee.framework */ = {isa = PBXFileReference; explicitFileType = wrapper.framework; includeInIndex = 0; path = Pods_Coffee.framework; sourceTree = BUILT_PRODUCTS_DIR; };
		F486304FCFFA425C991DB024 /* Pods-Coffee.release.xcconfig */ = {isa = PBXFileReference; includeInIndex = 1; lastKnownFileType = text.xcconfig; name = "Pods-Coffee.release.xcconfig"; path = "Target Support Files/Pods-Coffee/Pods-Coffee.release.xcconfig"; sourceTree = "<group>"; };
/* End PBXFileReference section */

/* Begin PBXFrameworksBuildPhase section */
		12D5FB6D26A8FDCF00B275B1 /* Frameworks */ = {
			isa = PBXFrameworksBuildPhase;
			buildActionMask = 2147483647;
			files = (
				12B6D8E626CCE5B500A79237 /* Pods_Coffee.framework in Frameworks */,
			);
			runOnlyForDeploymentPostprocessing = 0;
		};
/* End PBXFrameworksBuildPhase section */

/* Begin PBXGroup section */
		129B977926B3A3BB00F3DB20 /* Views&Components */ = {
			isa = PBXGroup;
			children = (
				129B977726B3944C00F3DB20 /* itemView.swift */,
				129B976B26B12B9300F3DB20 /* SideMenuView.swift */,
				12D5FB8426A8FE3700B275B1 /* HeaderButtons.swift */,
				129B975D26AC5F4200F3DB20 /* Slideshow.swift */,
				129B978126B7CB6300F3DB20 /* CardViews.swift */,
				129B979326BA253400F3DB20 /* SortSettingView.swift */,
				129B979B26BB8C5C00F3DB20 /* CurveSlider.swift */,
				12174F7B26C22B7400A00DED /* AlertView.swift */,
			);
			path = "Views&Components";
			sourceTree = "<group>";
		};
		129B977A26B3A3F500F3DB20 /* Models */ = {
			isa = PBXGroup;
			children = (
				129B977326B144C800F3DB20 /* SideMenuShow.swift */,
				129B977526B3919200F3DB20 /* ItemModel.swift */,
				129B979726BB82FE00F3DB20 /* ItemDetail.swift */,
				129B977D26B3D7FC00F3DB20 /* MenuModel.swift */,
				129B976F26B12BD000F3DB20 /* SideMenuViewModel.swift */,
				12174F8126C4BA5300A00DED /* UserModel.swift */,
				12174F7D26C25C8D00A00DED /* UserStore.swift */,
				12B6D8EB26D0A16400A79237 /* ReservationDataModel.swift */,
				12B6D8ED26D0A25E00A79237 /* DateFunction.swift */,
			);
			path = Models;
			sourceTree = "<group>";
		};
		129B977B26B3A46000F3DB20 /* Pages */ = {
			isa = PBXGroup;
			children = (
				129B977F26B796AC00F3DB20 /* EntryView.swift */,
				12D5FB8226A8FDF900B275B1 /* HomeView.swift */,
				12174F7726C0F80700A00DED /* LoginView.swift */,
				12174F7F26C4B6E800A00DED /* SignUpView.swift */,
				12174F8326C6059500A00DED /* UserInformationView.swift */,
				129B977126B1445200F3DB20 /* MenuView.swift */,
				129B978526B7D39600F3DB20 /* NotificationView.swift */,
				129B978926B7DA6B00F3DB20 /* OrderHistoryView.swift */,
				129B978D26B8DB1500F3DB20 /* BookingHistoryView.swift */,
				129B978B26B7DA7B00F3DB20 /* EventView.swift */,
				129B978F26B90B5E00F3DB20 /* KnowledgeView.swift */,
				129B979526BB7F5C00F3DB20 /* OrderView.swift */,
				1288CC3826CC9B380015EA2F /* CartView.swift */,
				12B6D8E926CF83DD00A79237 /* ReservationView.swift */,
			);
			path = Pages;
			sourceTree = "<group>";
		};
		129B977C26B3A48100F3DB20 /* Effects */ = {
			isa = PBXGroup;
			children = (
				12B6D8EF26D26C1A00A79237 /* FontStyle */,
				129B976926B122B100F3DB20 /* NavBarAppearance.swift */,
				129B975B26AC4E0200F3DB20 /* BlurView.swift */,
			);
			path = Effects;
			sourceTree = "<group>";
		};
		12B6D8EF26D26C1A00A79237 /* FontStyle */ = {
			isa = PBXGroup;
			children = (
				12B6D8F026D26D0300A79237 /* Herculanum.ttf */,
			);
			path = FontStyle;
			sourceTree = "<group>";
		};
		12D5FB6726A8FDCF00B275B1 = {
			isa = PBXGroup;
			children = (
				12D5FB7226A8FDCF00B275B1 /* Coffee */,
				12D5FB7126A8FDCF00B275B1 /* Products */,
				4D8D310AFD66F7B58FA3F25A /* Pods */,
				925EE0A2DC65481F63CFF09B /* Frameworks */,
			);
			sourceTree = "<group>";
		};
		12D5FB7126A8FDCF00B275B1 /* Products */ = {
			isa = PBXGroup;
			children = (
				12D5FB7026A8FDCF00B275B1 /* Coffee.app */,
			);
			name = Products;
			sourceTree = "<group>";
		};
		12D5FB7226A8FDCF00B275B1 /* Coffee */ = {
			isa = PBXGroup;
			children = (
				12D5FB7926A8FDD100B275B1 /* Preview Content */,
				12D5FB7326A8FDCF00B275B1 /* CoffeeApp.swift */,
				129B977B26B3A46000F3DB20 /* Pages */,
				129B977926B3A3BB00F3DB20 /* Views&Components */,
				129B977A26B3A3F500F3DB20 /* Models */,
				129B977C26B3A48100F3DB20 /* Effects */,
				12D5FB7C26A8FDD100B275B1 /* Info.plist */,
				12174F7926C2238F00A00DED /* GoogleService-Info.plist */,
				12D5FB7726A8FDD100B275B1 /* Assets.xcassets */,
			);
			path = Coffee;
			sourceTree = "<group>";
		};
		12D5FB7926A8FDD100B275B1 /* Preview Content */ = {
			isa = PBXGroup;
			children = (
				12D5FB7A26A8FDD100B275B1 /* Preview Assets.xcassets */,
			);
			path = "Preview Content";
			sourceTree = "<group>";
		};
		4D8D310AFD66F7B58FA3F25A /* Pods */ = {
			isa = PBXGroup;
			children = (
				E61268D3ABACE3A62D4771D6 /* Pods-Coffee.debug.xcconfig */,
				F486304FCFFA425C991DB024 /* Pods-Coffee.release.xcconfig */,
			);
			path = Pods;
			sourceTree = "<group>";
		};
		925EE0A2DC65481F63CFF09B /* Frameworks */ = {
			isa = PBXGroup;
			children = (
				EB3A1C4D6353893130C1C1CD /* Pods_Coffee.framework */,
			);
			name = Frameworks;
			sourceTree = "<group>";
		};
/* End PBXGroup section */

/* Begin PBXNativeTarget section */
		12D5FB6F26A8FDCF00B275B1 /* Coffee */ = {
			isa = PBXNativeTarget;
			buildConfigurationList = 12D5FB7F26A8FDD100B275B1 /* Build configuration list for PBXNativeTarget "Coffee" */;
			buildPhases = (
				05CBE00C8DC270C53E73F6C2 /* [CP] Check Pods Manifest.lock */,
				12D5FB6C26A8FDCF00B275B1 /* Sources */,
				12D5FB6D26A8FDCF00B275B1 /* Frameworks */,
				12D5FB6E26A8FDCF00B275B1 /* Resources */,
				4880EBFC74C5210DB93798B7 /* [CP] Embed Pods Frameworks */,
			);
			buildRules = (
			);
			dependencies = (
			);
			name = Coffee;
			productName = Coffee;
			productReference = 12D5FB7026A8FDCF00B275B1 /* Coffee.app */;
			productType = "com.apple.product-type.application";
		};
/* End PBXNativeTarget section */

/* Begin PBXProject section */
		12D5FB6826A8FDCF00B275B1 /* Project object */ = {
			isa = PBXProject;
			attributes = {
				LastSwiftUpdateCheck = 1250;
				LastUpgradeCheck = 1250;
				TargetAttributes = {
					12D5FB6F26A8FDCF00B275B1 = {
						CreatedOnToolsVersion = 12.5;
					};
				};
			};
			buildConfigurationList = 12D5FB6B26A8FDCF00B275B1 /* Build configuration list for PBXProject "Coffee" */;
			compatibilityVersion = "Xcode 9.3";
			developmentRegion = en;
			hasScannedForEncodings = 0;
			knownRegions = (
				en,
				Base,
			);
			mainGroup = 12D5FB6726A8FDCF00B275B1;
			productRefGroup = 12D5FB7126A8FDCF00B275B1 /* Products */;
			projectDirPath = "";
			projectRoot = "";
			targets = (
				12D5FB6F26A8FDCF00B275B1 /* Coffee */,
			);
		};
/* End PBXProject section */

/* Begin PBXResourcesBuildPhase section */
		12D5FB6E26A8FDCF00B275B1 /* Resources */ = {
			isa = PBXResourcesBuildPhase;
			buildActionMask = 2147483647;
			files = (
				12D5FB7B26A8FDD100B275B1 /* Preview Assets.xcassets in Resources */,
				12D5FB7826A8FDD100B275B1 /* Assets.xcassets in Resources */,
				12B6D8F126D26D0300A79237 /* Herculanum.ttf in Resources */,
				12174F7A26C2238F00A00DED /* GoogleService-Info.plist in Resources */,
			);
			runOnlyForDeploymentPostprocessing = 0;
		};
/* End PBXResourcesBuildPhase section */

/* Begin PBXShellScriptBuildPhase section */
		05CBE00C8DC270C53E73F6C2 /* [CP] Check Pods Manifest.lock */ = {
			isa = PBXShellScriptBuildPhase;
			buildActionMask = 2147483647;
			files = (
			);
			inputFileListPaths = (
			);
			inputPaths = (
				"${PODS_PODFILE_DIR_PATH}/Podfile.lock",
				"${PODS_ROOT}/Manifest.lock",
			);
			name = "[CP] Check Pods Manifest.lock";
			outputFileListPaths = (
			);
			outputPaths = (
				"$(DERIVED_FILE_DIR)/Pods-Coffee-checkManifestLockResult.txt",
			);
			runOnlyForDeploymentPostprocessing = 0;
			shellPath = /bin/sh;
			shellScript = "diff \"${PODS_PODFILE_DIR_PATH}/Podfile.lock\" \"${PODS_ROOT}/Manifest.lock\" > /dev/null\nif [ $? != 0 ] ; then\n    # print error to STDERR\n    echo \"error: The sandbox is not in sync with the Podfile.lock. Run 'pod install' or update your CocoaPods installation.\" >&2\n    exit 1\nfi\n# This output is used by Xcode 'outputs' to avoid re-running this script phase.\necho \"SUCCESS\" > \"${SCRIPT_OUTPUT_FILE_0}\"\n";
			showEnvVarsInLog = 0;
		};
		4880EBFC74C5210DB93798B7 /* [CP] Embed Pods Frameworks */ = {
			isa = PBXShellScriptBuildPhase;
			buildActionMask = 2147483647;
			files = (
			);
			inputFileListPaths = (
				"${PODS_ROOT}/Target Support Files/Pods-Coffee/Pods-Coffee-frameworks-${CONFIGURATION}-input-files.xcfilelist",
			);
			name = "[CP] Embed Pods Frameworks";
			outputFileListPaths = (
				"${PODS_ROOT}/Target Support Files/Pods-Coffee/Pods-Coffee-frameworks-${CONFIGURATION}-output-files.xcfilelist",
			);
			runOnlyForDeploymentPostprocessing = 0;
			shellPath = /bin/sh;
			shellScript = "\"${PODS_ROOT}/Target Support Files/Pods-Coffee/Pods-Coffee-frameworks.sh\"\n";
			showEnvVarsInLog = 0;
		};
/* End PBXShellScriptBuildPhase section */

/* Begin PBXSourcesBuildPhase section */
		12D5FB6C26A8FDCF00B275B1 /* Sources */ = {
			isa = PBXSourcesBuildPhase;
			buildActionMask = 2147483647;
			files = (
				129B975E26AC5F4200F3DB20 /* Slideshow.swift in Sources */,
				129B977626B3919200F3DB20 /* ItemModel.swift in Sources */,
				12174F7C26C22B7400A00DED /* AlertView.swift in Sources */,
				12174F8226C4BA5300A00DED /* UserModel.swift in Sources */,
				12D5FB8326A8FDF900B275B1 /* HomeView.swift in Sources */,
				129B978C26B7DA7B00F3DB20 /* EventView.swift in Sources */,
				129B977826B3944C00F3DB20 /* itemView.swift in Sources */,
				129B976C26B12B9300F3DB20 /* SideMenuView.swift in Sources */,
				129B978626B7D39600F3DB20 /* NotificationView.swift in Sources */,
				129B978026B796AC00F3DB20 /* EntryView.swift in Sources */,
				129B977226B1445200F3DB20 /* MenuView.swift in Sources */,
				129B975C26AC4E0200F3DB20 /* BlurView.swift in Sources */,
				12D5FB7426A8FDCF00B275B1 /* CoffeeApp.swift in Sources */,
				1288CC3926CC9B380015EA2F /* CartView.swift in Sources */,
				129B978A26B7DA6B00F3DB20 /* OrderHistoryView.swift in Sources */,
				12B6D8EC26D0A16400A79237 /* ReservationDataModel.swift in Sources */,
				129B977426B144C800F3DB20 /* SideMenuShow.swift in Sources */,
				129B979826BB82FE00F3DB20 /* ItemDetail.swift in Sources */,
				12174F7E26C25C8D00A00DED /* UserStore.swift in Sources */,
				129B977E26B3D7FC00F3DB20 /* MenuModel.swift in Sources */,
				12D5FB8526A8FE3700B275B1 /* HeaderButtons.swift in Sources */,
				129B978E26B8DB1500F3DB20 /* BookingHistoryView.swift in Sources */,
				129B977026B12BD000F3DB20 /* SideMenuViewModel.swift in Sources */,
				129B979026B90B5E00F3DB20 /* KnowledgeView.swift in Sources */,
				12174F7826C0F80700A00DED /* LoginView.swift in Sources */,
				129B976A26B122B100F3DB20 /* NavBarAppearance.swift in Sources */,
				129B979C26BB8C5C00F3DB20 /* CurveSlider.swift in Sources */,
				12B6D8EE26D0A25E00A79237 /* DateFunction.swift in Sources */,
				129B979626BB7F5C00F3DB20 /* OrderView.swift in Sources */,
				12174F8026C4B6E800A00DED /* SignUpView.swift in Sources */,
				129B978226B7CB6300F3DB20 /* CardViews.swift in Sources */,
				12B6D8EA26CF83DD00A79237 /* ReservationView.swift in Sources */,
				12174F8426C6059500A00DED /* UserInformationView.swift in Sources */,
				129B979426BA253400F3DB20 /* SortSettingView.swift in Sources */,
			);
			runOnlyForDeploymentPostprocessing = 0;
		};
/* End PBXSourcesBuildPhase section */

/* Begin XCBuildConfiguration section */
		12D5FB7D26A8FDD100B275B1 /* Debug */ = {
			isa = XCBuildConfiguration;
			buildSettings = {
				ALWAYS_SEARCH_USER_PATHS = NO;
				CLANG_ANALYZER_NONNULL = YES;
				CLANG_ANALYZER_NUMBER_OBJECT_CONVERSION = YES_AGGRESSIVE;
				CLANG_CXX_LANGUAGE_STANDARD = "gnu++14";
				CLANG_CXX_LIBRARY = "libc++";
				CLANG_ENABLE_MODULES = YES;
				CLANG_ENABLE_OBJC_ARC = YES;
				CLANG_ENABLE_OBJC_WEAK = YES;
				CLANG_WARN_BLOCK_CAPTURE_AUTORELEASING = YES;
				CLANG_WARN_BOOL_CONVERSION = YES;
				CLANG_WARN_COMMA = YES;
				CLANG_WARN_CONSTANT_CONVERSION = YES;
				CLANG_WARN_DEPRECATED_OBJC_IMPLEMENTATIONS = YES;
				CLANG_WARN_DIRECT_OBJC_ISA_USAGE = YES_ERROR;
				CLANG_WARN_DOCUMENTATION_COMMENTS = YES;
				CLANG_WARN_EMPTY_BODY = YES;
				CLANG_WARN_ENUM_CONVERSION = YES;
				CLANG_WARN_INFINITE_RECURSION = YES;
				CLANG_WARN_INT_CONVERSION = YES;
				CLANG_WARN_NON_LITERAL_NULL_CONVERSION = YES;
				CLANG_WARN_OBJC_IMPLICIT_RETAIN_SELF = YES;
				CLANG_WARN_OBJC_LITERAL_CONVERSION = YES;
				CLANG_WARN_OBJC_ROOT_CLASS = YES_ERROR;
				CLANG_WARN_QUOTED_INCLUDE_IN_FRAMEWORK_HEADER = YES;
				CLANG_WARN_RANGE_LOOP_ANALYSIS = YES;
				CLANG_WARN_STRICT_PROTOTYPES = YES;
				CLANG_WARN_SUSPICIOUS_MOVE = YES;
				CLANG_WARN_UNGUARDED_AVAILABILITY = YES_AGGRESSIVE;
				CLANG_WARN_UNREACHABLE_CODE = YES;
				CLANG_WARN__DUPLICATE_METHOD_MATCH = YES;
				COPY_PHASE_STRIP = NO;
				DEBUG_INFORMATION_FORMAT = dwarf;
				ENABLE_STRICT_OBJC_MSGSEND = YES;
				ENABLE_TESTABILITY = YES;
				GCC_C_LANGUAGE_STANDARD = gnu11;
				GCC_DYNAMIC_NO_PIC = NO;
				GCC_NO_COMMON_BLOCKS = YES;
				GCC_OPTIMIZATION_LEVEL = 0;
				GCC_PREPROCESSOR_DEFINITIONS = (
					"DEBUG=1",
					"$(inherited)",
				);
				GCC_WARN_64_TO_32_BIT_CONVERSION = YES;
				GCC_WARN_ABOUT_RETURN_TYPE = YES_ERROR;
				GCC_WARN_UNDECLARED_SELECTOR = YES;
				GCC_WARN_UNINITIALIZED_AUTOS = YES_AGGRESSIVE;
				GCC_WARN_UNUSED_FUNCTION = YES;
				GCC_WARN_UNUSED_VARIABLE = YES;
				IPHONEOS_DEPLOYMENT_TARGET = 14.1;
				MTL_ENABLE_DEBUG_INFO = INCLUDE_SOURCE;
				MTL_FAST_MATH = YES;
				ONLY_ACTIVE_ARCH = YES;
				SDKROOT = iphoneos;
				SWIFT_ACTIVE_COMPILATION_CONDITIONS = DEBUG;
				SWIFT_OPTIMIZATION_LEVEL = "-Onone";
			};
			name = Debug;
		};
		12D5FB7E26A8FDD100B275B1 /* Release */ = {
			isa = XCBuildConfiguration;
			buildSettings = {
				ALWAYS_SEARCH_USER_PATHS = NO;
				CLANG_ANALYZER_NONNULL = YES;
				CLANG_ANALYZER_NUMBER_OBJECT_CONVERSION = YES_AGGRESSIVE;
				CLANG_CXX_LANGUAGE_STANDARD = "gnu++14";
				CLANG_CXX_LIBRARY = "libc++";
				CLANG_ENABLE_MODULES = YES;
				CLANG_ENABLE_OBJC_ARC = YES;
				CLANG_ENABLE_OBJC_WEAK = YES;
				CLANG_WARN_BLOCK_CAPTURE_AUTORELEASING = YES;
				CLANG_WARN_BOOL_CONVERSION = YES;
				CLANG_WARN_COMMA = YES;
				CLANG_WARN_CONSTANT_CONVERSION = YES;
				CLANG_WARN_DEPRECATED_OBJC_IMPLEMENTATIONS = YES;
				CLANG_WARN_DIRECT_OBJC_ISA_USAGE = YES_ERROR;
				CLANG_WARN_DOCUMENTATION_COMMENTS = YES;
				CLANG_WARN_EMPTY_BODY = YES;
				CLANG_WARN_ENUM_CONVERSION = YES;
				CLANG_WARN_INFINITE_RECURSION = YES;
				CLANG_WARN_INT_CONVERSION = YES;
				CLANG_WARN_NON_LITERAL_NULL_CONVERSION = YES;
				CLANG_WARN_OBJC_IMPLICIT_RETAIN_SELF = YES;
				CLANG_WARN_OBJC_LITERAL_CONVERSION = YES;
				CLANG_WARN_OBJC_ROOT_CLASS = YES_ERROR;
				CLANG_WARN_QUOTED_INCLUDE_IN_FRAMEWORK_HEADER = YES;
				CLANG_WARN_RANGE_LOOP_ANALYSIS = YES;
				CLANG_WARN_STRICT_PROTOTYPES = YES;
				CLANG_WARN_SUSPICIOUS_MOVE = YES;
				CLANG_WARN_UNGUARDED_AVAILABILITY = YES_AGGRESSIVE;
				CLANG_WARN_UNREACHABLE_CODE = YES;
				CLANG_WARN__DUPLICATE_METHOD_MATCH = YES;
				COPY_PHASE_STRIP = NO;
				DEBUG_INFORMATION_FORMAT = "dwarf-with-dsym";
				ENABLE_NS_ASSERTIONS = NO;
				ENABLE_STRICT_OBJC_MSGSEND = YES;
				GCC_C_LANGUAGE_STANDARD = gnu11;
				GCC_NO_COMMON_BLOCKS = YES;
				GCC_WARN_64_TO_32_BIT_CONVERSION = YES;
				GCC_WARN_ABOUT_RETURN_TYPE = YES_ERROR;
				GCC_WARN_UNDECLARED_SELECTOR = YES;
				GCC_WARN_UNINITIALIZED_AUTOS = YES_AGGRESSIVE;
				GCC_WARN_UNUSED_FUNCTION = YES;
				GCC_WARN_UNUSED_VARIABLE = YES;
				IPHONEOS_DEPLOYMENT_TARGET = 14.1;
				MTL_ENABLE_DEBUG_INFO = NO;
				MTL_FAST_MATH = YES;
				SDKROOT = iphoneos;
				SWIFT_COMPILATION_MODE = wholemodule;
				SWIFT_OPTIMIZATION_LEVEL = "-O";
				VALIDATE_PRODUCT = YES;
			};
			name = Release;
		};
		12D5FB8026A8FDD100B275B1 /* Debug */ = {
			isa = XCBuildConfiguration;
			baseConfigurationReference = E61268D3ABACE3A62D4771D6 /* Pods-Coffee.debug.xcconfig */;
			buildSettings = {
				ASSETCATALOG_COMPILER_APPICON_NAME = AppIcon;
				ASSETCATALOG_COMPILER_GLOBAL_ACCENT_COLOR_NAME = AccentColor;
				CODE_SIGN_STYLE = Automatic;
				DEVELOPMENT_ASSET_PATHS = "\"Coffee/Preview Content\"";
				DEVELOPMENT_TEAM = C284P736MH;
				ENABLE_PREVIEWS = YES;
				INFOPLIST_FILE = Coffee/Info.plist;
				IPHONEOS_DEPLOYMENT_TARGET = 14.0;
				LD_RUNPATH_SEARCH_PATHS = (
					"$(inherited)",
					"@executable_path/Frameworks",
				);
				MARKETING_VERSION = 1.1;
				PRODUCT_BUNDLE_IDENTIFIER = CafeApps.HUNGYULIN;
				PRODUCT_NAME = "$(TARGET_NAME)";
				SWIFT_VERSION = 5.0;
				TARGETED_DEVICE_FAMILY = "1,2";
			};
			name = Debug;
		};
		12D5FB8126A8FDD100B275B1 /* Release */ = {
			isa = XCBuildConfiguration;
			baseConfigurationReference = F486304FCFFA425C991DB024 /* Pods-Coffee.release.xcconfig */;
			buildSettings = {
				ASSETCATALOG_COMPILER_APPICON_NAME = AppIcon;
				ASSETCATALOG_COMPILER_GLOBAL_ACCENT_COLOR_NAME = AccentColor;
				CODE_SIGN_STYLE = Automatic;
				DEVELOPMENT_ASSET_PATHS = "\"Coffee/Preview Content\"";
				DEVELOPMENT_TEAM = C284P736MH;
				ENABLE_PREVIEWS = YES;
				INFOPLIST_FILE = Coffee/Info.plist;
				IPHONEOS_DEPLOYMENT_TARGET = 14.0;
				LD_RUNPATH_SEARCH_PATHS = (
					"$(inherited)",
					"@executable_path/Frameworks",
				);
				MARKETING_VERSION = 1.1;
				ONLY_ACTIVE_ARCH = YES;
				PRODUCT_BUNDLE_IDENTIFIER = CafeApps.HUNGYULIN;
				PRODUCT_NAME = "$(TARGET_NAME)";
				SWIFT_VERSION = 5.0;
				TARGETED_DEVICE_FAMILY = "1,2";
			};
			name = Release;
		};
/* End XCBuildConfiguration section */

/* Begin XCConfigurationList section */
		12D5FB6B26A8FDCF00B275B1 /* Build configuration list for PBXProject "Coffee" */ = {
			isa = XCConfigurationList;
			buildConfigurations = (
				12D5FB7D26A8FDD100B275B1 /* Debug */,
				12D5FB7E26A8FDD100B275B1 /* Release */,
			);
			defaultConfigurationIsVisible = 0;
			defaultConfigurationName = Release;
		};
		12D5FB7F26A8FDD100B275B1 /* Build configuration list for PBXNativeTarget "Coffee" */ = {
			isa = XCConfigurationList;
			buildConfigurations = (
				12D5FB8026A8FDD100B275B1 /* Debug */,
				12D5FB8126A8FDD100B275B1 /* Release */,
			);
			defaultConfigurationIsVisible = 0;
			defaultConfigurationName = Release;
		};
/* End XCConfigurationList section */
	};
	rootObject = 12D5FB6826A8FDCF00B275B1 /* Project object */;
}
