// !$*UTF8*$!
{
	archiveVersion = 1;
	classes = {
	};
	objectVersion = 50;
	objects = {

/* Begin PBXBuildFile section */
		129B975C26AC4E0200F3DB20 /* BlurView.swift in Sources */ = {isa = PBXBuildFile; fileRef = 129B975B26AC4E0200F3DB20 /* BlurView.swift */; };
		129B975E26AC5F4200F3DB20 /* Slideshow.swift in Sources */ = {isa = PBXBuildFile; fileRef = 129B975D26AC5F4200F3DB20 /* Slideshow.swift */; };
		129B976A26B122B100F3DB20 /* NavBarAppearance.swift in Sources */ = {isa = PBXBuildFile; fileRef = 129B976926B122B100F3DB20 /* NavBarAppearance.swift */; };
		129B976C26B12B9300F3DB20 /* SideMenuView.swift in Sources */ = {isa = PBXBuildFile; fileRef = 129B976B26B12B9300F3DB20 /* SideMenuView.swift */; };
		129B977026B12BD000F3DB20 /* SideMenuViewModel.swift in Sources */ = {isa = PBXBuildFile; fileRef = 129B976F26B12BD000F3DB20 /* SideMenuViewModel.swift */; };
		129B977226B1445200F3DB20 /* MenuView.swift in Sources */ = {isa = PBXBuildFile; fileRef = 129B977126B1445200F3DB20 /* MenuView.swift */; };
		129B977426B144C800F3DB20 /* SideMenuShow.swift in Sources */ = {isa = PBXBuildFile; fileRef = 129B977326B144C800F3DB20 /* SideMenuShow.swift */; };
		129B977626B3919200F3DB20 /* ItemModel.swift in Sources */ = {isa = PBXBuildFile; fileRef = 129B977526B3919200F3DB20 /* ItemModel.swift */; };
		129B977826B3944C00F3DB20 /* itemView.swift in Sources */ = {isa = PBXBuildFile; fileRef = 129B977726B3944C00F3DB20 /* itemView.swift */; };
		129B977E26B3D7FC00F3DB20 /* MenuModel.swift in Sources */ = {isa = PBXBuildFile; fileRef = 129B977D26B3D7FC00F3DB20 /* MenuModel.swift */; };
		129B978026B796AC00F3DB20 /* EntryView.swift in Sources */ = {isa = PBXBuildFile; fileRef = 129B977F26B796AC00F3DB20 /* EntryView.swift */; };
		129B978226B7CB6300F3DB20 /* CardViews.swift in Sources */ = {isa = PBXBuildFile; fileRef = 129B978126B7CB6300F3DB20 /* CardViews.swift */; };
		129B978626B7D39600F3DB20 /* NotificationView.swift in Sources */ = {isa = PBXBuildFile; fileRef = 129B978526B7D39600F3DB20 /* NotificationView.swift */; };
		129B978A26B7DA6B00F3DB20 /* OrderHistoryView.swift in Sources */ = {isa = PBXBuildFile; fileRef = 129B978926B7DA6B00F3DB20 /* OrderHistoryView.swift */; };
		129B978C26B7DA7B00F3DB20 /* EventView.swift in Sources */ = {isa = PBXBuildFile; fileRef = 129B978B26B7DA7B00F3DB20 /* EventView.swift */; };
		129B978E26B8DB1500F3DB20 /* BookingHistoryView.swift in Sources */ = {isa = PBXBuildFile; fileRef = 129B978D26B8DB1500F3DB20 /* BookingHistoryView.swift */; };
		129B979026B90B5E00F3DB20 /* KnowledgeView.swift in Sources */ = {isa = PBXBuildFile; fileRef = 129B978F26B90B5E00F3DB20 /* KnowledgeView.swift */; };
		129B979426BA253400F3DB20 /* SortSettingView.swift in Sources */ = {isa = PBXBuildFile; fileRef = 129B979326BA253400F3DB20 /* SortSettingView.swift */; };
		12D5FB7426A8FDCF00B275B1 /* CoffeeApp.swift in Sources */ = {isa = PBXBuildFile; fileRef = 12D5FB7326A8FDCF00B275B1 /* CoffeeApp.swift */; };
		12D5FB7826A8FDD100B275B1 /* Assets.xcassets in Resources */ = {isa = PBXBuildFile; fileRef = 12D5FB7726A8FDD100B275B1 /* Assets.xcassets */; };
		12D5FB7B26A8FDD100B275B1 /* Preview Assets.xcassets in Resources */ = {isa = PBXBuildFile; fileRef = 12D5FB7A26A8FDD100B275B1 /* Preview Assets.xcassets */; };
		12D5FB8326A8FDF900B275B1 /* HomeView.swift in Sources */ = {isa = PBXBuildFile; fileRef = 12D5FB8226A8FDF900B275B1 /* HomeView.swift */; };
		12D5FB8526A8FE3700B275B1 /* SideBarAndHeader.swift in Sources */ = {isa = PBXBuildFile; fileRef = 12D5FB8426A8FE3700B275B1 /* SideBarAndHeader.swift */; };
/* End PBXBuildFile section */

/* Begin PBXFileReference section */
		129B975B26AC4E0200F3DB20 /* BlurView.swift */ = {isa = PBXFileReference; lastKnownFileType = sourcecode.swift; path = BlurView.swift; sourceTree = "<group>"; };
		129B975D26AC5F4200F3DB20 /* Slideshow.swift */ = {isa = PBXFileReference; lastKnownFileType = sourcecode.swift; path = Slideshow.swift; sourceTree = "<group>"; };
		129B976926B122B100F3DB20 /* NavBarAppearance.swift */ = {isa = PBXFileReference; lastKnownFileType = sourcecode.swift; path = NavBarAppearance.swift; sourceTree = "<group>"; };
		129B976B26B12B9300F3DB20 /* SideMenuView.swift */ = {isa = PBXFileReference; lastKnownFileType = sourcecode.swift; path = SideMenuView.swift; sourceTree = "<group>"; };
		129B976F26B12BD000F3DB20 /* SideMenuViewModel.swift */ = {isa = PBXFileReference; lastKnownFileType = sourcecode.swift; path = SideMenuViewModel.swift; sourceTree = "<group>"; };
		129B977126B1445200F3DB20 /* MenuView.swift */ = {isa = PBXFileReference; lastKnownFileType = sourcecode.swift; path = MenuView.swift; sourceTree = "<group>"; };
		129B977326B144C800F3DB20 /* SideMenuShow.swift */ = {isa = PBXFileReference; lastKnownFileType = sourcecode.swift; path = SideMenuShow.swift; sourceTree = "<group>"; };
		129B977526B3919200F3DB20 /* ItemModel.swift */ = {isa = PBXFileReference; lastKnownFileType = sourcecode.swift; path = ItemModel.swift; sourceTree = "<group>"; };
		129B977726B3944C00F3DB20 /* itemView.swift */ = {isa = PBXFileReference; lastKnownFileType = sourcecode.swift; path = itemView.swift; sourceTree = "<group>"; };
		129B977D26B3D7FC00F3DB20 /* MenuModel.swift */ = {isa = PBXFileReference; lastKnownFileType = sourcecode.swift; path = MenuModel.swift; sourceTree = "<group>"; };
		129B977F26B796AC00F3DB20 /* EntryView.swift */ = {isa = PBXFileReference; lastKnownFileType = sourcecode.swift; path = EntryView.swift; sourceTree = "<group>"; };
		129B978126B7CB6300F3DB20 /* CardViews.swift */ = {isa = PBXFileReference; lastKnownFileType = sourcecode.swift; path = CardViews.swift; sourceTree = "<group>"; };
		129B978526B7D39600F3DB20 /* NotificationView.swift */ = {isa = PBXFileReference; lastKnownFileType = sourcecode.swift; path = NotificationView.swift; sourceTree = "<group>"; };
		129B978926B7DA6B00F3DB20 /* OrderHistoryView.swift */ = {isa = PBXFileReference; lastKnownFileType = sourcecode.swift; path = OrderHistoryView.swift; sourceTree = "<group>"; };
		129B978B26B7DA7B00F3DB20 /* EventView.swift */ = {isa = PBXFileReference; lastKnownFileType = sourcecode.swift; path = EventView.swift; sourceTree = "<group>"; };
		129B978D26B8DB1500F3DB20 /* BookingHistoryView.swift */ = {isa = PBXFileReference; lastKnownFileType = sourcecode.swift; path = BookingHistoryView.swift; sourceTree = "<group>"; };
		129B978F26B90B5E00F3DB20 /* KnowledgeView.swift */ = {isa = PBXFileReference; lastKnownFileType = sourcecode.swift; path = KnowledgeView.swift; sourceTree = "<group>"; };
		129B979326BA253400F3DB20 /* SortSettingView.swift */ = {isa = PBXFileReference; lastKnownFileType = sourcecode.swift; path = SortSettingView.swift; sourceTree = "<group>"; };
		12D5FB7026A8FDCF00B275B1 /* Coffee.app */ = {isa = PBXFileReference; explicitFileType = wrapper.application; includeInIndex = 0; path = Coffee.app; sourceTree = BUILT_PRODUCTS_DIR; };
		12D5FB7326A8FDCF00B275B1 /* CoffeeApp.swift */ = {isa = PBXFileReference; lastKnownFileType = sourcecode.swift; path = CoffeeApp.swift; sourceTree = "<group>"; };
		12D5FB7726A8FDD100B275B1 /* Assets.xcassets */ = {isa = PBXFileReference; lastKnownFileType = folder.assetcatalog; path = Assets.xcassets; sourceTree = "<group>"; };
		12D5FB7A26A8FDD100B275B1 /* Preview Assets.xcassets */ = {isa = PBXFileReference; lastKnownFileType = folder.assetcatalog; path = "Preview Assets.xcassets"; sourceTree = "<group>"; };
		12D5FB7C26A8FDD100B275B1 /* Info.plist */ = {isa = PBXFileReference; lastKnownFileType = text.plist.xml; path = Info.plist; sourceTree = "<group>"; };
		12D5FB8226A8FDF900B275B1 /* HomeView.swift */ = {isa = PBXFileReference; lastKnownFileType = sourcecode.swift; path = HomeView.swift; sourceTree = "<group>"; };
		12D5FB8426A8FE3700B275B1 /* SideBarAndHeader.swift */ = {isa = PBXFileReference; lastKnownFileType = sourcecode.swift; path = SideBarAndHeader.swift; sourceTree = "<group>"; };
/* End PBXFileReference section */

/* Begin PBXFrameworksBuildPhase section */
		12D5FB6D26A8FDCF00B275B1 /* Frameworks */ = {
			isa = PBXFrameworksBuildPhase;
			buildActionMask = 2147483647;
			files = (
			);
			runOnlyForDeploymentPostprocessing = 0;
		};
/* End PBXFrameworksBuildPhase section */

/* Begin PBXGroup section */
		129B977926B3A3BB00F3DB20 /* Views&Components */ = {
			isa = PBXGroup;
			children = (
				129B977726B3944C00F3DB20 /* itemView.swift */,
				129B976B26B12B9300F3DB20 /* SideMenuView.swift */,
				12D5FB8426A8FE3700B275B1 /* SideBarAndHeader.swift */,
				129B975D26AC5F4200F3DB20 /* Slideshow.swift */,
				129B978126B7CB6300F3DB20 /* CardViews.swift */,
				129B979326BA253400F3DB20 /* SortSettingView.swift */,
			);
			path = "Views&Components";
			sourceTree = "<group>";
		};
		129B977A26B3A3F500F3DB20 /* Models */ = {
			isa = PBXGroup;
			children = (
				129B977326B144C800F3DB20 /* SideMenuShow.swift */,
				129B977D26B3D7FC00F3DB20 /* MenuModel.swift */,
				129B977526B3919200F3DB20 /* ItemModel.swift */,
				129B976F26B12BD000F3DB20 /* SideMenuViewModel.swift */,
			);
			path = Models;
			sourceTree = "<group>";
		};
		129B977B26B3A46000F3DB20 /* Pages */ = {
			isa = PBXGroup;
			children = (
				129B977F26B796AC00F3DB20 /* EntryView.swift */,
				12D5FB8226A8FDF900B275B1 /* HomeView.swift */,
				129B977126B1445200F3DB20 /* MenuView.swift */,
				129B978526B7D39600F3DB20 /* NotificationView.swift */,
				129B978926B7DA6B00F3DB20 /* OrderHistoryView.swift */,
				129B978D26B8DB1500F3DB20 /* BookingHistoryView.swift */,
				129B978B26B7DA7B00F3DB20 /* EventView.swift */,
				129B978F26B90B5E00F3DB20 /* KnowledgeView.swift */,
			);
			path = Pages;
			sourceTree = "<group>";
		};
		129B977C26B3A48100F3DB20 /* Effects */ = {
			isa = PBXGroup;
			children = (
				129B976926B122B100F3DB20 /* NavBarAppearance.swift */,
				129B975B26AC4E0200F3DB20 /* BlurView.swift */,
			);
			path = Effects;
			sourceTree = "<group>";
		};
		12D5FB6726A8FDCF00B275B1 = {
			isa = PBXGroup;
			children = (
				12D5FB7226A8FDCF00B275B1 /* Coffee */,
				12D5FB7126A8FDCF00B275B1 /* Products */,
			);
			sourceTree = "<group>";
		};
		12D5FB7126A8FDCF00B275B1 /* Products */ = {
			isa = PBXGroup;
			children = (
				12D5FB7026A8FDCF00B275B1 /* Coffee.app */,
			);
			name = Products;
			sourceTree = "<group>";
		};
		12D5FB7226A8FDCF00B275B1 /* Coffee */ = {
			isa = PBXGroup;
			children = (
				12D5FB7926A8FDD100B275B1 /* Preview Content */,
				12D5FB7326A8FDCF00B275B1 /* CoffeeApp.swift */,
				129B977B26B3A46000F3DB20 /* Pages */,
				129B977926B3A3BB00F3DB20 /* Views&Components */,
				129B977A26B3A3F500F3DB20 /* Models */,
				129B977C26B3A48100F3DB20 /* Effects */,
				12D5FB7C26A8FDD100B275B1 /* Info.plist */,
				12D5FB7726A8FDD100B275B1 /* Assets.xcassets */,
			);
			path = Coffee;
			sourceTree = "<group>";
		};
		12D5FB7926A8FDD100B275B1 /* Preview Content */ = {
			isa = PBXGroup;
			children = (
				12D5FB7A26A8FDD100B275B1 /* Preview Assets.xcassets */,
			);
			path = "Preview Content";
			sourceTree = "<group>";
		};
/* End PBXGroup section */

/* Begin PBXNativeTarget section */
		12D5FB6F26A8FDCF00B275B1 /* Coffee */ = {
			isa = PBXNativeTarget;
			buildConfigurationList = 12D5FB7F26A8FDD100B275B1 /* Build configuration list for PBXNativeTarget "Coffee" */;
			buildPhases = (
				12D5FB6C26A8FDCF00B275B1 /* Sources */,
				12D5FB6D26A8FDCF00B275B1 /* Frameworks */,
				12D5FB6E26A8FDCF00B275B1 /* Resources */,
			);
			buildRules = (
			);
			dependencies = (
			);
			name = Coffee;
			productName = Coffee;
			productReference = 12D5FB7026A8FDCF00B275B1 /* Coffee.app */;
			productType = "com.apple.product-type.application";
		};
/* End PBXNativeTarget section */

/* Begin PBXProject section */
		12D5FB6826A8FDCF00B275B1 /* Project object */ = {
			isa = PBXProject;
			attributes = {
				LastSwiftUpdateCheck = 1250;
				LastUpgradeCheck = 1250;
				TargetAttributes = {
					12D5FB6F26A8FDCF00B275B1 = {
						CreatedOnToolsVersion = 12.5;
					};
				};
			};
			buildConfigurationList = 12D5FB6B26A8FDCF00B275B1 /* Build configuration list for PBXProject "Coffee" */;
			compatibilityVersion = "Xcode 9.3";
			developmentRegion = en;
			hasScannedForEncodings = 0;
			knownRegions = (
				en,
				Base,
			);
			mainGroup = 12D5FB6726A8FDCF00B275B1;
			productRefGroup = 12D5FB7126A8FDCF00B275B1 /* Products */;
			projectDirPath = "";
			projectRoot = "";
			targets = (
				12D5FB6F26A8FDCF00B275B1 /* Coffee */,
			);
		};
/* End PBXProject section */

/* Begin PBXResourcesBuildPhase section */
		12D5FB6E26A8FDCF00B275B1 /* Resources */ = {
			isa = PBXResourcesBuildPhase;
			buildActionMask = 2147483647;
			files = (
				12D5FB7B26A8FDD100B275B1 /* Preview Assets.xcassets in Resources */,
				12D5FB7826A8FDD100B275B1 /* Assets.xcassets in Resources */,
			);
			runOnlyForDeploymentPostprocessing = 0;
		};
/* End PBXResourcesBuildPhase section */

/* Begin PBXSourcesBuildPhase section */
		12D5FB6C26A8FDCF00B275B1 /* Sources */ = {
			isa = PBXSourcesBuildPhase;
			buildActionMask = 2147483647;
			files = (
				129B975E26AC5F4200F3DB20 /* Slideshow.swift in Sources */,
				129B977626B3919200F3DB20 /* ItemModel.swift in Sources */,
				12D5FB8326A8FDF900B275B1 /* HomeView.swift in Sources */,
				129B978C26B7DA7B00F3DB20 /* EventView.swift in Sources */,
				129B977826B3944C00F3DB20 /* itemView.swift in Sources */,
				129B976C26B12B9300F3DB20 /* SideMenuView.swift in Sources */,
				129B978626B7D39600F3DB20 /* NotificationView.swift in Sources */,
				129B978026B796AC00F3DB20 /* EntryView.swift in Sources */,
				129B977226B1445200F3DB20 /* MenuView.swift in Sources */,
				129B975C26AC4E0200F3DB20 /* BlurView.swift in Sources */,
				12D5FB7426A8FDCF00B275B1 /* CoffeeApp.swift in Sources */,
				129B978A26B7DA6B00F3DB20 /* OrderHistoryView.swift in Sources */,
				129B977426B144C800F3DB20 /* SideMenuShow.swift in Sources */,
				129B977E26B3D7FC00F3DB20 /* MenuModel.swift in Sources */,
				12D5FB8526A8FE3700B275B1 /* SideBarAndHeader.swift in Sources */,
				129B978E26B8DB1500F3DB20 /* BookingHistoryView.swift in Sources */,
				129B977026B12BD000F3DB20 /* SideMenuViewModel.swift in Sources */,
				129B979026B90B5E00F3DB20 /* KnowledgeView.swift in Sources */,
				129B976A26B122B100F3DB20 /* NavBarAppearance.swift in Sources */,
				129B978226B7CB6300F3DB20 /* CardViews.swift in Sources */,
				129B979426BA253400F3DB20 /* SortSettingView.swift in Sources */,
			);
			runOnlyForDeploymentPostprocessing = 0;
		};
/* End PBXSourcesBuildPhase section */

/* Begin XCBuildConfiguration section */
		12D5FB7D26A8FDD100B275B1 /* Debug */ = {
			isa = XCBuildConfiguration;
			buildSettings = {
				ALWAYS_SEARCH_USER_PATHS = NO;
				CLANG_ANALYZER_NONNULL = YES;
				CLANG_ANALYZER_NUMBER_OBJECT_CONVERSION = YES_AGGRESSIVE;
				CLANG_CXX_LANGUAGE_STANDARD = "gnu++14";
				CLANG_CXX_LIBRARY = "libc++";
				CLANG_ENABLE_MODULES = YES;
				CLANG_ENABLE_OBJC_ARC = YES;
				CLANG_ENABLE_OBJC_WEAK = YES;
				CLANG_WARN_BLOCK_CAPTURE_AUTORELEASING = YES;
				CLANG_WARN_BOOL_CONVERSION = YES;
				CLANG_WARN_COMMA = YES;
				CLANG_WARN_CONSTANT_CONVERSION = YES;
				CLANG_WARN_DEPRECATED_OBJC_IMPLEMENTATIONS = YES;
				CLANG_WARN_DIRECT_OBJC_ISA_USAGE = YES_ERROR;
				CLANG_WARN_DOCUMENTATION_COMMENTS = YES;
				CLANG_WARN_EMPTY_BODY = YES;
				CLANG_WARN_ENUM_CONVERSION = YES;
				CLANG_WARN_INFINITE_RECURSION = YES;
				CLANG_WARN_INT_CONVERSION = YES;
				CLANG_WARN_NON_LITERAL_NULL_CONVERSION = YES;
				CLANG_WARN_OBJC_IMPLICIT_RETAIN_SELF = YES;
				CLANG_WARN_OBJC_LITERAL_CONVERSION = YES;
				CLANG_WARN_OBJC_ROOT_CLASS = YES_ERROR;
				CLANG_WARN_QUOTED_INCLUDE_IN_FRAMEWORK_HEADER = YES;
				CLANG_WARN_RANGE_LOOP_ANALYSIS = YES;
				CLANG_WARN_STRICT_PROTOTYPES = YES;
				CLANG_WARN_SUSPICIOUS_MOVE = YES;
				CLANG_WARN_UNGUARDED_AVAILABILITY = YES_AGGRESSIVE;
				CLANG_WARN_UNREACHABLE_CODE = YES;
				CLANG_WARN__DUPLICATE_METHOD_MATCH = YES;
				COPY_PHASE_STRIP = NO;
				DEBUG_INFORMATION_FORMAT = dwarf;
				ENABLE_STRICT_OBJC_MSGSEND = YES;
				ENABLE_TESTABILITY = YES;
				GCC_C_LANGUAGE_STANDARD = gnu11;
				GCC_DYNAMIC_NO_PIC = NO;
				GCC_NO_COMMON_BLOCKS = YES;
				GCC_OPTIMIZATION_LEVEL = 0;
				GCC_PREPROCESSOR_DEFINITIONS = (
					"DEBUG=1",
					"$(inherited)",
				);
				GCC_WARN_64_TO_32_BIT_CONVERSION = YES;
				GCC_WARN_ABOUT_RETURN_TYPE = YES_ERROR;
				GCC_WARN_UNDECLARED_SELECTOR = YES;
				GCC_WARN_UNINITIALIZED_AUTOS = YES_AGGRESSIVE;
				GCC_WARN_UNUSED_FUNCTION = YES;
				GCC_WARN_UNUSED_VARIABLE = YES;
				IPHONEOS_DEPLOYMENT_TARGET = 14.1;
				MTL_ENABLE_DEBUG_INFO = INCLUDE_SOURCE;
				MTL_FAST_MATH = YES;
				ONLY_ACTIVE_ARCH = YES;
				SDKROOT = iphoneos;
				SWIFT_ACTIVE_COMPILATION_CONDITIONS = DEBUG;
				SWIFT_OPTIMIZATION_LEVEL = "-Onone";
			};
			name = Debug;
		};
		12D5FB7E26A8FDD100B275B1 /* Release */ = {
			isa = XCBuildConfiguration;
			buildSettings = {
				ALWAYS_SEARCH_USER_PATHS = NO;
				CLANG_ANALYZER_NONNULL = YES;
				CLANG_ANALYZER_NUMBER_OBJECT_CONVERSION = YES_AGGRESSIVE;
				CLANG_CXX_LANGUAGE_STANDARD = "gnu++14";
				CLANG_CXX_LIBRARY = "libc++";
				CLANG_ENABLE_MODULES = YES;
				CLANG_ENABLE_OBJC_ARC = YES;
				CLANG_ENABLE_OBJC_WEAK = YES;
				CLANG_WARN_BLOCK_CAPTURE_AUTORELEASING = YES;
				CLANG_WARN_BOOL_CONVERSION = YES;
				CLANG_WARN_COMMA = YES;
				CLANG_WARN_CONSTANT_CONVERSION = YES;
				CLANG_WARN_DEPRECATED_OBJC_IMPLEMENTATIONS = YES;
				CLANG_WARN_DIRECT_OBJC_ISA_USAGE = YES_ERROR;
				CLANG_WARN_DOCUMENTATION_COMMENTS = YES;
				CLANG_WARN_EMPTY_BODY = YES;
				CLANG_WARN_ENUM_CONVERSION = YES;
				CLANG_WARN_INFINITE_RECURSION = YES;
				CLANG_WARN_INT_CONVERSION = YES;
				CLANG_WARN_NON_LITERAL_NULL_CONVERSION = YES;
				CLANG_WARN_OBJC_IMPLICIT_RETAIN_SELF = YES;
				CLANG_WARN_OBJC_LITERAL_CONVERSION = YES;
				CLANG_WARN_OBJC_ROOT_CLASS = YES_ERROR;
				CLANG_WARN_QUOTED_INCLUDE_IN_FRAMEWORK_HEADER = YES;
				CLANG_WARN_RANGE_LOOP_ANALYSIS = YES;
				CLANG_WARN_STRICT_PROTOTYPES = YES;
				CLANG_WARN_SUSPICIOUS_MOVE = YES;
				CLANG_WARN_UNGUARDED_AVAILABILITY = YES_AGGRESSIVE;
				CLANG_WARN_UNREACHABLE_CODE = YES;
				CLANG_WARN__DUPLICATE_METHOD_MATCH = YES;
				COPY_PHASE_STRIP = NO;
				DEBUG_INFORMATION_FORMAT = "dwarf-with-dsym";
				ENABLE_NS_ASSERTIONS = NO;
				ENABLE_STRICT_OBJC_MSGSEND = YES;
				GCC_C_LANGUAGE_STANDARD = gnu11;
				GCC_NO_COMMON_BLOCKS = YES;
				GCC_WARN_64_TO_32_BIT_CONVERSION = YES;
				GCC_WARN_ABOUT_RETURN_TYPE = YES_ERROR;
				GCC_WARN_UNDECLARED_SELECTOR = YES;
				GCC_WARN_UNINITIALIZED_AUTOS = YES_AGGRESSIVE;
				GCC_WARN_UNUSED_FUNCTION = YES;
				GCC_WARN_UNUSED_VARIABLE = YES;
				IPHONEOS_DEPLOYMENT_TARGET = 14.1;
				MTL_ENABLE_DEBUG_INFO = NO;
				MTL_FAST_MATH = YES;
				SDKROOT = iphoneos;
				SWIFT_COMPILATION_MODE = wholemodule;
				SWIFT_OPTIMIZATION_LEVEL = "-O";
				VALIDATE_PRODUCT = YES;
			};
			name = Release;
		};
		12D5FB8026A8FDD100B275B1 /* Debug */ = {
			isa = XCBuildConfiguration;
			buildSettings = {
				ASSETCATALOG_COMPILER_APPICON_NAME = AppIcon;
				ASSETCATALOG_COMPILER_GLOBAL_ACCENT_COLOR_NAME = AccentColor;
				CODE_SIGN_STYLE = Automatic;
				DEVELOPMENT_ASSET_PATHS = "\"Coffee/Preview Content\"";
				DEVELOPMENT_TEAM = CX82UXAT2U;
				ENABLE_PREVIEWS = YES;
				INFOPLIST_FILE = Coffee/Info.plist;
				IPHONEOS_DEPLOYMENT_TARGET = 14.0;
				LD_RUNPATH_SEARCH_PATHS = (
					"$(inherited)",
					"@executable_path/Frameworks",
				);
				PRODUCT_BUNDLE_IDENTIFIER = Oracle715.Coffee;
				PRODUCT_NAME = "$(TARGET_NAME)";
				SWIFT_VERSION = 5.0;
				TARGETED_DEVICE_FAMILY = "1,2";
			};
			name = Debug;
		};
		12D5FB8126A8FDD100B275B1 /* Release */ = {
			isa = XCBuildConfiguration;
			buildSettings = {
				ASSETCATALOG_COMPILER_APPICON_NAME = AppIcon;
				ASSETCATALOG_COMPILER_GLOBAL_ACCENT_COLOR_NAME = AccentColor;
				CODE_SIGN_STYLE = Automatic;
				DEVELOPMENT_ASSET_PATHS = "\"Coffee/Preview Content\"";
				DEVELOPMENT_TEAM = CX82UXAT2U;
				ENABLE_PREVIEWS = YES;
				INFOPLIST_FILE = Coffee/Info.plist;
				IPHONEOS_DEPLOYMENT_TARGET = 14.0;
				LD_RUNPATH_SEARCH_PATHS = (
					"$(inherited)",
					"@executable_path/Frameworks",
				);
				PRODUCT_BUNDLE_IDENTIFIER = Oracle715.Coffee;
				PRODUCT_NAME = "$(TARGET_NAME)";
				SWIFT_VERSION = 5.0;
				TARGETED_DEVICE_FAMILY = "1,2";
			};
			name = Release;
		};
/* End XCBuildConfiguration section */

/* Begin XCConfigurationList section */
		12D5FB6B26A8FDCF00B275B1 /* Build configuration list for PBXProject "Coffee" */ = {
			isa = XCConfigurationList;
			buildConfigurations = (
				12D5FB7D26A8FDD100B275B1 /* Debug */,
				12D5FB7E26A8FDD100B275B1 /* Release */,
			);
			defaultConfigurationIsVisible = 0;
			defaultConfigurationName = Release;
		};
		12D5FB7F26A8FDD100B275B1 /* Build configuration list for PBXNativeTarget "Coffee" */ = {
			isa = XCConfigurationList;
			buildConfigurations = (
				12D5FB8026A8FDD100B275B1 /* Debug */,
				12D5FB8126A8FDD100B275B1 /* Release */,
			);
			defaultConfigurationIsVisible = 0;
			defaultConfigurationName = Release;
		};
/* End XCConfigurationList section */
	};
	rootObject = 12D5FB6826A8FDCF00B275B1 /* Project object */;
}
